
Microsoft Visual Studio Solution File, Format Version 12.00
# Visual Studio Version 16
VisualStudioVersion = 16.0.31613.86
MinimumVisualStudioVersion = 10.0.40219.1
Project("{FAE04EC0-301F-11D3-BF4B-00C04F79EFBC}") = "PersonelMvcUI", "PersonelMvcUI\PersonelMvcUI.csproj", "{0DC60B22-5B4F-4CDF-BE7C-D6A86E08C789}"
EndProject
Global
	GlobalSection(SolutionConfigurationPlatforms) = preSolution
		Debug|Any CPU = Debug|Any CPU
		Release|Any CPU = Release|Any CPU
	EndGlobalSection
	GlobalSection(ProjectConfigurationPlatforms) = postSolution
		{0DC60B22-5B4F-4CDF-BE7C-D6A86E08C789}.Debug|Any CPU.ActiveCfg = Debug|Any CPU
		{0DC60B22-5B4F-4CDF-BE7C-D6A86E08C789}.Debug|Any CPU.Build.0 = Debug|Any CPU
		{0DC60B22-5B4F-4CDF-BE7C-D6A86E08C789}.Release|Any CPU.ActiveCfg = Release|Any CPU
		{0DC60B22-5B4F-4CDF-BE7C-D6A86E08C789}.Release|Any CPU.Build.0 = Release|Any CPU
	EndGlobalSection
	GlobalSection(SolutionProperties) = preSolution
		HideSolutionNode = FALSE
	EndGlobalSection
	GlobalSection(ExtensibilityGlobals) = postSolution
		SolutionGuid = {C2022551-F3B1-4B06-8EFB-1A4EB6720682}
	EndGlobalSection
EndGlobal
